
Microsoft Visual Studio Solution File, Format Version 12.00
# Visual Studio Version 16
VisualStudioVersion = 16.0.29326.143
MinimumVisualStudioVersion = 10.0.40219.1
Project("{9A19103F-16F7-4668-BE54-9A1E7A4F7556}") = "Test.Akka", "Test.Akka\Test.Akka.csproj", "{C9E24EC9-84FB-480E-9FC8-CA30DB1698FC}"
EndProject
Project("{2150E333-8FDC-42A3-9474-1A3956D46DE8}") = "Test.Akka.DeviceAndGroups", "Test.Akka.DeviceAndGroups", "{09320116-8802-4649-945E-5C405A3DEE94}"
EndProject
Project("{FAE04EC0-301F-11D3-BF4B-00C04F79EFBC}") = "Test.Akka.Actors", "Test.Akka.Actors\Test.Akka.Actors.csproj", "{D1AA5C4D-1C58-480D-BF57-22593E9C9E24}"
EndProject
Project("{FAE04EC0-301F-11D3-BF4B-00C04F79EFBC}") = "Test.Akka.Tests", "Test.Akka.Tests\Test.Akka.Tests.csproj", "{BF1A6C5E-C740-4082-842B-56A7EC4D85AE}"
EndProject
Global
	GlobalSection(SolutionConfigurationPlatforms) = preSolution
		Debug|Any CPU = Debug|Any CPU
		Release|Any CPU = Release|Any CPU
	EndGlobalSection
	GlobalSection(ProjectConfigurationPlatforms) = postSolution
		{C9E24EC9-84FB-480E-9FC8-CA30DB1698FC}.Debug|Any CPU.ActiveCfg = Debug|Any CPU
		{C9E24EC9-84FB-480E-9FC8-CA30DB1698FC}.Debug|Any CPU.Build.0 = Debug|Any CPU
		{C9E24EC9-84FB-480E-9FC8-CA30DB1698FC}.Release|Any CPU.ActiveCfg = Release|Any CPU
		{C9E24EC9-84FB-480E-9FC8-CA30DB1698FC}.Release|Any CPU.Build.0 = Release|Any CPU
		{D1AA5C4D-1C58-480D-BF57-22593E9C9E24}.Debug|Any CPU.ActiveCfg = Debug|Any CPU
		{D1AA5C4D-1C58-480D-BF57-22593E9C9E24}.Debug|Any CPU.Build.0 = Debug|Any CPU
		{D1AA5C4D-1C58-480D-BF57-22593E9C9E24}.Release|Any CPU.ActiveCfg = Release|Any CPU
		{D1AA5C4D-1C58-480D-BF57-22593E9C9E24}.Release|Any CPU.Build.0 = Release|Any CPU
		{BF1A6C5E-C740-4082-842B-56A7EC4D85AE}.Debug|Any CPU.ActiveCfg = Debug|Any CPU
		{BF1A6C5E-C740-4082-842B-56A7EC4D85AE}.Debug|Any CPU.Build.0 = Debug|Any CPU
		{BF1A6C5E-C740-4082-842B-56A7EC4D85AE}.Release|Any CPU.ActiveCfg = Release|Any CPU
		{BF1A6C5E-C740-4082-842B-56A7EC4D85AE}.Release|Any CPU.Build.0 = Release|Any CPU
	EndGlobalSection
	GlobalSection(SolutionProperties) = preSolution
		HideSolutionNode = FALSE
	EndGlobalSection
	GlobalSection(NestedProjects) = preSolution
		{C9E24EC9-84FB-480E-9FC8-CA30DB1698FC} = {09320116-8802-4649-945E-5C405A3DEE94}
		{D1AA5C4D-1C58-480D-BF57-22593E9C9E24} = {09320116-8802-4649-945E-5C405A3DEE94}
		{BF1A6C5E-C740-4082-842B-56A7EC4D85AE} = {09320116-8802-4649-945E-5C405A3DEE94}
	EndGlobalSection
	GlobalSection(ExtensibilityGlobals) = postSolution
		SolutionGuid = {694D489C-6C36-4E6B-95EF-E8165AF7C202}
	EndGlobalSection
EndGlobal
